
Microsoft Visual Studio Solution File, Format Version 12.00
# Visual Studio Version 16
VisualStudioVersion = 16.0.30204.135
MinimumVisualStudioVersion = 10.0.40219.1
Project("{FAE04EC0-301F-11D3-BF4B-00C04F79EFBC}") = "Zadanie1", "Zadanie1\Zadanie1.csproj", "{8CBF8A0A-0A2E-4135-A45B-5D1FCBF9955F}"
EndProject
Project("{FAE04EC0-301F-11D3-BF4B-00C04F79EFBC}") = "Zadanie2", "Zadanie2\Zadanie2.csproj", "{7D9CA78D-34A8-4329-B735-2881926A3E6C}"
EndProject
Project("{FAE04EC0-301F-11D3-BF4B-00C04F79EFBC}") = "Zadanie3", "Zadanie3\Zadanie3.csproj", "{01BD67AD-9C85-4583-A6C5-64AFCC571496}"
EndProject
Project("{FAE04EC0-301F-11D3-BF4B-00C04F79EFBC}") = "Zadanie4", "Zadanie4\Zadanie4.csproj", "{1FA77BCE-FA19-44E6-8423-F27F92112306}"
EndProject
Project("{FAE04EC0-301F-11D3-BF4B-00C04F79EFBC}") = "Zadanie5", "Zadanie5\Zadanie5.csproj", "{C8B76D63-E49E-44A6-B382-E3B831E3FE78}"
EndProject
Global
	GlobalSection(SolutionConfigurationPlatforms) = preSolution
		Debug|Any CPU = Debug|Any CPU
		Release|Any CPU = Release|Any CPU
	EndGlobalSection
	GlobalSection(ProjectConfigurationPlatforms) = postSolution
		{8CBF8A0A-0A2E-4135-A45B-5D1FCBF9955F}.Debug|Any CPU.ActiveCfg = Debug|Any CPU
		{8CBF8A0A-0A2E-4135-A45B-5D1FCBF9955F}.Debug|Any CPU.Build.0 = Debug|Any CPU
		{8CBF8A0A-0A2E-4135-A45B-5D1FCBF9955F}.Release|Any CPU.ActiveCfg = Release|Any CPU
		{8CBF8A0A-0A2E-4135-A45B-5D1FCBF9955F}.Release|Any CPU.Build.0 = Release|Any CPU
		{7D9CA78D-34A8-4329-B735-2881926A3E6C}.Debug|Any CPU.ActiveCfg = Debug|Any CPU
		{7D9CA78D-34A8-4329-B735-2881926A3E6C}.Debug|Any CPU.Build.0 = Debug|Any CPU
		{7D9CA78D-34A8-4329-B735-2881926A3E6C}.Release|Any CPU.ActiveCfg = Release|Any CPU
		{7D9CA78D-34A8-4329-B735-2881926A3E6C}.Release|Any CPU.Build.0 = Release|Any CPU
		{01BD67AD-9C85-4583-A6C5-64AFCC571496}.Debug|Any CPU.ActiveCfg = Debug|Any CPU
		{01BD67AD-9C85-4583-A6C5-64AFCC571496}.Debug|Any CPU.Build.0 = Debug|Any CPU
		{01BD67AD-9C85-4583-A6C5-64AFCC571496}.Release|Any CPU.ActiveCfg = Release|Any CPU
		{01BD67AD-9C85-4583-A6C5-64AFCC571496}.Release|Any CPU.Build.0 = Release|Any CPU
		{1FA77BCE-FA19-44E6-8423-F27F92112306}.Debug|Any CPU.ActiveCfg = Debug|Any CPU
		{1FA77BCE-FA19-44E6-8423-F27F92112306}.Debug|Any CPU.Build.0 = Debug|Any CPU
		{1FA77BCE-FA19-44E6-8423-F27F92112306}.Release|Any CPU.ActiveCfg = Release|Any CPU
		{1FA77BCE-FA19-44E6-8423-F27F92112306}.Release|Any CPU.Build.0 = Release|Any CPU
		{C8B76D63-E49E-44A6-B382-E3B831E3FE78}.Debug|Any CPU.ActiveCfg = Debug|Any CPU
		{C8B76D63-E49E-44A6-B382-E3B831E3FE78}.Debug|Any CPU.Build.0 = Debug|Any CPU
		{C8B76D63-E49E-44A6-B382-E3B831E3FE78}.Release|Any CPU.ActiveCfg = Release|Any CPU
		{C8B76D63-E49E-44A6-B382-E3B831E3FE78}.Release|Any CPU.Build.0 = Release|Any CPU
	EndGlobalSection
	GlobalSection(SolutionProperties) = preSolution
		HideSolutionNode = FALSE
	EndGlobalSection
	GlobalSection(ExtensibilityGlobals) = postSolution
		SolutionGuid = {FEC75FC9-21CC-4CB1-AF18-2DE09AF4FF78}
	EndGlobalSection
EndGlobal
